
Microsoft Visual Studio Solution File, Format Version 12.00
# Visual Studio Version 16
VisualStudioVersion = 16.0.31019.35
MinimumVisualStudioVersion = 10.0.40219.1
Project("{FAE04EC0-301F-11D3-BF4B-00C04F79EFBC}") = "ReferenceTypes", "ReferenceTypes\ReferenceTypes.csproj", "{A531C3AB-4BA8-4B37-AEC2-03BF012F5A14}"
EndProject
Project("{FAE04EC0-301F-11D3-BF4B-00C04F79EFBC}") = "ValueTypes", "ValueTypes\ValueTypes.csproj", "{755E3993-03EC-402E-B2F5-68A686021A9B}"
EndProject
Project("{FAE04EC0-301F-11D3-BF4B-00C04F79EFBC}") = "Arithmetic", "Arithmetic\Arithmetic.csproj", "{81AF71FD-ADCE-4FB7-837C-62CE9C21FD52}"
EndProject
Project("{FAE04EC0-301F-11D3-BF4B-00C04F79EFBC}") = "Comparison", "Comparison\Comparison.csproj", "{648AFEAE-DAC1-4E2A-B569-4F13B5ED031E}"
EndProject
Project("{FAE04EC0-301F-11D3-BF4B-00C04F79EFBC}") = "Conditionals", "Conditionals\Conditionals.csproj", "{1A5A3BB1-1E81-4C79-BC3D-244720B57F96}"
EndProject
Project("{FAE04EC0-301F-11D3-BF4B-00C04F79EFBC}") = "LoopExamples", "LoopExamples\LoopExamples.csproj", "{5D30C993-1A48-41F7-AA61-A2DB620EE4FD}"
EndProject
Project("{FAE04EC0-301F-11D3-BF4B-00C04F79EFBC}") = "Step2Challenge1", "Step2Challenge1\Step2Challenge1.csproj", "{9AFCB2CB-1B49-422C-814C-42C6944CE684}"
EndProject
Project("{FAE04EC0-301F-11D3-BF4B-00C04F79EFBC}") = "MorningChallengeOne", "MorningChallengeOne\MorningChallengeOne.csproj", "{E09E32FC-C812-4E72-ABDB-F2F4975F9E5F}"
EndProject
Project("{FAE04EC0-301F-11D3-BF4B-00C04F79EFBC}") = "Classes", "Classes\Classes.csproj", "{79950A0E-D0A8-4433-A7A3-02FD5A9B4289}"
EndProject
Project("{FAE04EC0-301F-11D3-BF4B-00C04F79EFBC}") = "InheritanceClasses", "InheritanceClasses\InheritanceClasses.csproj", "{563D46F2-EB06-4914-8794-D8795912F92E}"
EndProject
Project("{FAE04EC0-301F-11D3-BF4B-00C04F79EFBC}") = "RepositoryPattern", "RepositoryPattern\RepositoryPattern.csproj", "{5AAB4988-EFC6-4FAD-BC6A-F90FA9D4F1E4}"
EndProject
Project("{FAE04EC0-301F-11D3-BF4B-00C04F79EFBC}") = "StreamingContentRepositoryTest", "StreamingContentRepositoryTest\StreamingContentRepositoryTest.csproj", "{1210029A-2A3E-498C-8B5B-9F28B350B268}"
EndProject
Project("{FAE04EC0-301F-11D3-BF4B-00C04F79EFBC}") = "StreamingContent_Inheritance", "StreamingContent_Inheritance\StreamingContent_Inheritance.csproj", "{2062137E-6D31-42EB-AD9D-0FCC03C9C8F5}"
EndProject
Global
	GlobalSection(SolutionConfigurationPlatforms) = preSolution
		Debug|Any CPU = Debug|Any CPU
		Release|Any CPU = Release|Any CPU
	EndGlobalSection
	GlobalSection(ProjectConfigurationPlatforms) = postSolution
		{A531C3AB-4BA8-4B37-AEC2-03BF012F5A14}.Debug|Any CPU.ActiveCfg = Debug|Any CPU
		{A531C3AB-4BA8-4B37-AEC2-03BF012F5A14}.Debug|Any CPU.Build.0 = Debug|Any CPU
		{A531C3AB-4BA8-4B37-AEC2-03BF012F5A14}.Release|Any CPU.ActiveCfg = Release|Any CPU
		{A531C3AB-4BA8-4B37-AEC2-03BF012F5A14}.Release|Any CPU.Build.0 = Release|Any CPU
		{755E3993-03EC-402E-B2F5-68A686021A9B}.Debug|Any CPU.ActiveCfg = Debug|Any CPU
		{755E3993-03EC-402E-B2F5-68A686021A9B}.Debug|Any CPU.Build.0 = Debug|Any CPU
		{755E3993-03EC-402E-B2F5-68A686021A9B}.Release|Any CPU.ActiveCfg = Release|Any CPU
		{755E3993-03EC-402E-B2F5-68A686021A9B}.Release|Any CPU.Build.0 = Release|Any CPU
		{81AF71FD-ADCE-4FB7-837C-62CE9C21FD52}.Debug|Any CPU.ActiveCfg = Debug|Any CPU
		{81AF71FD-ADCE-4FB7-837C-62CE9C21FD52}.Debug|Any CPU.Build.0 = Debug|Any CPU
		{81AF71FD-ADCE-4FB7-837C-62CE9C21FD52}.Release|Any CPU.ActiveCfg = Release|Any CPU
		{81AF71FD-ADCE-4FB7-837C-62CE9C21FD52}.Release|Any CPU.Build.0 = Release|Any CPU
		{648AFEAE-DAC1-4E2A-B569-4F13B5ED031E}.Debug|Any CPU.ActiveCfg = Debug|Any CPU
		{648AFEAE-DAC1-4E2A-B569-4F13B5ED031E}.Debug|Any CPU.Build.0 = Debug|Any CPU
		{648AFEAE-DAC1-4E2A-B569-4F13B5ED031E}.Release|Any CPU.ActiveCfg = Release|Any CPU
		{648AFEAE-DAC1-4E2A-B569-4F13B5ED031E}.Release|Any CPU.Build.0 = Release|Any CPU
		{1A5A3BB1-1E81-4C79-BC3D-244720B57F96}.Debug|Any CPU.ActiveCfg = Debug|Any CPU
		{1A5A3BB1-1E81-4C79-BC3D-244720B57F96}.Debug|Any CPU.Build.0 = Debug|Any CPU
		{1A5A3BB1-1E81-4C79-BC3D-244720B57F96}.Release|Any CPU.ActiveCfg = Release|Any CPU
		{1A5A3BB1-1E81-4C79-BC3D-244720B57F96}.Release|Any CPU.Build.0 = Release|Any CPU
		{5D30C993-1A48-41F7-AA61-A2DB620EE4FD}.Debug|Any CPU.ActiveCfg = Debug|Any CPU
		{5D30C993-1A48-41F7-AA61-A2DB620EE4FD}.Debug|Any CPU.Build.0 = Debug|Any CPU
		{5D30C993-1A48-41F7-AA61-A2DB620EE4FD}.Release|Any CPU.ActiveCfg = Release|Any CPU
		{5D30C993-1A48-41F7-AA61-A2DB620EE4FD}.Release|Any CPU.Build.0 = Release|Any CPU
		{9AFCB2CB-1B49-422C-814C-42C6944CE684}.Debug|Any CPU.ActiveCfg = Debug|Any CPU
		{9AFCB2CB-1B49-422C-814C-42C6944CE684}.Debug|Any CPU.Build.0 = Debug|Any CPU
		{9AFCB2CB-1B49-422C-814C-42C6944CE684}.Release|Any CPU.ActiveCfg = Release|Any CPU
		{9AFCB2CB-1B49-422C-814C-42C6944CE684}.Release|Any CPU.Build.0 = Release|Any CPU
		{E09E32FC-C812-4E72-ABDB-F2F4975F9E5F}.Debug|Any CPU.ActiveCfg = Debug|Any CPU
		{E09E32FC-C812-4E72-ABDB-F2F4975F9E5F}.Debug|Any CPU.Build.0 = Debug|Any CPU
		{E09E32FC-C812-4E72-ABDB-F2F4975F9E5F}.Release|Any CPU.ActiveCfg = Release|Any CPU
		{E09E32FC-C812-4E72-ABDB-F2F4975F9E5F}.Release|Any CPU.Build.0 = Release|Any CPU
		{79950A0E-D0A8-4433-A7A3-02FD5A9B4289}.Debug|Any CPU.ActiveCfg = Debug|Any CPU
		{79950A0E-D0A8-4433-A7A3-02FD5A9B4289}.Debug|Any CPU.Build.0 = Debug|Any CPU
		{79950A0E-D0A8-4433-A7A3-02FD5A9B4289}.Release|Any CPU.ActiveCfg = Release|Any CPU
		{79950A0E-D0A8-4433-A7A3-02FD5A9B4289}.Release|Any CPU.Build.0 = Release|Any CPU
		{563D46F2-EB06-4914-8794-D8795912F92E}.Debug|Any CPU.ActiveCfg = Debug|Any CPU
		{563D46F2-EB06-4914-8794-D8795912F92E}.Debug|Any CPU.Build.0 = Debug|Any CPU
		{563D46F2-EB06-4914-8794-D8795912F92E}.Release|Any CPU.ActiveCfg = Release|Any CPU
		{563D46F2-EB06-4914-8794-D8795912F92E}.Release|Any CPU.Build.0 = Release|Any CPU
		{5AAB4988-EFC6-4FAD-BC6A-F90FA9D4F1E4}.Debug|Any CPU.ActiveCfg = Debug|Any CPU
		{5AAB4988-EFC6-4FAD-BC6A-F90FA9D4F1E4}.Debug|Any CPU.Build.0 = Debug|Any CPU
		{5AAB4988-EFC6-4FAD-BC6A-F90FA9D4F1E4}.Release|Any CPU.ActiveCfg = Release|Any CPU
		{5AAB4988-EFC6-4FAD-BC6A-F90FA9D4F1E4}.Release|Any CPU.Build.0 = Release|Any CPU
		{1210029A-2A3E-498C-8B5B-9F28B350B268}.Debug|Any CPU.ActiveCfg = Debug|Any CPU
		{1210029A-2A3E-498C-8B5B-9F28B350B268}.Debug|Any CPU.Build.0 = Debug|Any CPU
		{1210029A-2A3E-498C-8B5B-9F28B350B268}.Release|Any CPU.ActiveCfg = Release|Any CPU
		{1210029A-2A3E-498C-8B5B-9F28B350B268}.Release|Any CPU.Build.0 = Release|Any CPU
		{2062137E-6D31-42EB-AD9D-0FCC03C9C8F5}.Debug|Any CPU.ActiveCfg = Debug|Any CPU
		{2062137E-6D31-42EB-AD9D-0FCC03C9C8F5}.Debug|Any CPU.Build.0 = Debug|Any CPU
		{2062137E-6D31-42EB-AD9D-0FCC03C9C8F5}.Release|Any CPU.ActiveCfg = Release|Any CPU
		{2062137E-6D31-42EB-AD9D-0FCC03C9C8F5}.Release|Any CPU.Build.0 = Release|Any CPU
	EndGlobalSection
	GlobalSection(SolutionProperties) = preSolution
		HideSolutionNode = FALSE
	EndGlobalSection
	GlobalSection(ExtensibilityGlobals) = postSolution
		SolutionGuid = {CF87DD55-ACDB-4CC9-97BB-D84B28A42B99}
	EndGlobalSection
EndGlobal
