
Microsoft Visual Studio Solution File, Format Version 12.00
# Visual Studio Version 16
VisualStudioVersion = 16.0.31019.35
MinimumVisualStudioVersion = 10.0.40219.1
Project("{FAE04EC0-301F-11D3-BF4B-00C04F79EFBC}") = "ReferenceTypes", "ReferenceTypes\ReferenceTypes.csproj", "{A531C3AB-4BA8-4B37-AEC2-03BF012F5A14}"
EndProject
Project("{FAE04EC0-301F-11D3-BF4B-00C04F79EFBC}") = "ValueTypes", "ValueTypes\ValueTypes.csproj", "{755E3993-03EC-402E-B2F5-68A686021A9B}"
EndProject
Project("{FAE04EC0-301F-11D3-BF4B-00C04F79EFBC}") = "Arithmetic", "Arithmetic\Arithmetic.csproj", "{81AF71FD-ADCE-4FB7-837C-62CE9C21FD52}"
EndProject
Project("{FAE04EC0-301F-11D3-BF4B-00C04F79EFBC}") = "Comparison", "Comparison\Comparison.csproj", "{648AFEAE-DAC1-4E2A-B569-4F13B5ED031E}"
EndProject
Project("{FAE04EC0-301F-11D3-BF4B-00C04F79EFBC}") = "Conditionals", "Conditionals\Conditionals.csproj", "{1A5A3BB1-1E81-4C79-BC3D-244720B57F96}"
EndProject
Global
	GlobalSection(SolutionConfigurationPlatforms) = preSolution
		Debug|Any CPU = Debug|Any CPU
		Release|Any CPU = Release|Any CPU
	EndGlobalSection
	GlobalSection(ProjectConfigurationPlatforms) = postSolution
		{A531C3AB-4BA8-4B37-AEC2-03BF012F5A14}.Debug|Any CPU.ActiveCfg = Debug|Any CPU
		{A531C3AB-4BA8-4B37-AEC2-03BF012F5A14}.Debug|Any CPU.Build.0 = Debug|Any CPU
		{A531C3AB-4BA8-4B37-AEC2-03BF012F5A14}.Release|Any CPU.ActiveCfg = Release|Any CPU
		{A531C3AB-4BA8-4B37-AEC2-03BF012F5A14}.Release|Any CPU.Build.0 = Release|Any CPU
		{755E3993-03EC-402E-B2F5-68A686021A9B}.Debug|Any CPU.ActiveCfg = Debug|Any CPU
		{755E3993-03EC-402E-B2F5-68A686021A9B}.Debug|Any CPU.Build.0 = Debug|Any CPU
		{755E3993-03EC-402E-B2F5-68A686021A9B}.Release|Any CPU.ActiveCfg = Release|Any CPU
		{755E3993-03EC-402E-B2F5-68A686021A9B}.Release|Any CPU.Build.0 = Release|Any CPU
		{81AF71FD-ADCE-4FB7-837C-62CE9C21FD52}.Debug|Any CPU.ActiveCfg = Debug|Any CPU
		{81AF71FD-ADCE-4FB7-837C-62CE9C21FD52}.Debug|Any CPU.Build.0 = Debug|Any CPU
		{81AF71FD-ADCE-4FB7-837C-62CE9C21FD52}.Release|Any CPU.ActiveCfg = Release|Any CPU
		{81AF71FD-ADCE-4FB7-837C-62CE9C21FD52}.Release|Any CPU.Build.0 = Release|Any CPU
		{648AFEAE-DAC1-4E2A-B569-4F13B5ED031E}.Debug|Any CPU.ActiveCfg = Debug|Any CPU
		{648AFEAE-DAC1-4E2A-B569-4F13B5ED031E}.Debug|Any CPU.Build.0 = Debug|Any CPU
		{648AFEAE-DAC1-4E2A-B569-4F13B5ED031E}.Release|Any CPU.ActiveCfg = Release|Any CPU
		{648AFEAE-DAC1-4E2A-B569-4F13B5ED031E}.Release|Any CPU.Build.0 = Release|Any CPU
		{1A5A3BB1-1E81-4C79-BC3D-244720B57F96}.Debug|Any CPU.ActiveCfg = Debug|Any CPU
		{1A5A3BB1-1E81-4C79-BC3D-244720B57F96}.Debug|Any CPU.Build.0 = Debug|Any CPU
		{1A5A3BB1-1E81-4C79-BC3D-244720B57F96}.Release|Any CPU.ActiveCfg = Release|Any CPU
		{1A5A3BB1-1E81-4C79-BC3D-244720B57F96}.Release|Any CPU.Build.0 = Release|Any CPU
	EndGlobalSection
	GlobalSection(SolutionProperties) = preSolution
		HideSolutionNode = FALSE
	EndGlobalSection
	GlobalSection(ExtensibilityGlobals) = postSolution
		SolutionGuid = {CF87DD55-ACDB-4CC9-97BB-D84B28A42B99}
	EndGlobalSection
EndGlobal
